
Microsoft Visual Studio Solution File, Format Version 11.00
# Visual Studio 2010
Project("{FAE04EC0-301F-11D3-BF4B-00C04F79EFBC}") = "BitAPI", "BitAPI\BitAPI.csproj", "{41785258-C74D-4A8A-A5BB-61E11E7F6C7F}"
EndProject
Project("{FAE04EC0-301F-11D3-BF4B-00C04F79EFBC}") = "BitApiTest", "BitApiTest\BitApiTest.csproj", "{FF75DE21-C794-4F3E-8EC4-15352DABA9EB}"
EndProject
Project("{2150E333-8FDC-42A3-9474-1A3956D46DE8}") = "Solution Items", "Solution Items", "{19E98742-EE44-4D20-9335-C4DB526612A2}"
	ProjectSection(SolutionItems) = preProject
		BitAPI.vsmdi = BitAPI.vsmdi
		Local.testsettings = Local.testsettings
		TraceAndTestImpact.testsettings = TraceAndTestImpact.testsettings
	EndProjectSection
EndProject
Global
	GlobalSection(TestCaseManagementSettings) = postSolution
		CategoryFile = BitAPI.vsmdi
	EndGlobalSection
	GlobalSection(SolutionConfigurationPlatforms) = preSolution
		Debug|Any CPU = Debug|Any CPU
		Release|Any CPU = Release|Any CPU
	EndGlobalSection
	GlobalSection(ProjectConfigurationPlatforms) = postSolution
		{41785258-C74D-4A8A-A5BB-61E11E7F6C7F}.Debug|Any CPU.ActiveCfg = Debug|Any CPU
		{41785258-C74D-4A8A-A5BB-61E11E7F6C7F}.Debug|Any CPU.Build.0 = Debug|Any CPU
		{41785258-C74D-4A8A-A5BB-61E11E7F6C7F}.Release|Any CPU.ActiveCfg = Release|Any CPU
		{41785258-C74D-4A8A-A5BB-61E11E7F6C7F}.Release|Any CPU.Build.0 = Release|Any CPU
		{FF75DE21-C794-4F3E-8EC4-15352DABA9EB}.Debug|Any CPU.ActiveCfg = Debug|Any CPU
		{FF75DE21-C794-4F3E-8EC4-15352DABA9EB}.Debug|Any CPU.Build.0 = Debug|Any CPU
		{FF75DE21-C794-4F3E-8EC4-15352DABA9EB}.Release|Any CPU.ActiveCfg = Release|Any CPU
		{FF75DE21-C794-4F3E-8EC4-15352DABA9EB}.Release|Any CPU.Build.0 = Release|Any CPU
	EndGlobalSection
	GlobalSection(SolutionProperties) = preSolution
		HideSolutionNode = FALSE
	EndGlobalSection
EndGlobal
